
Microsoft Visual Studio Solution File, Format Version 12.00
# Visual Studio Version 16
VisualStudioVersion = 16.0.30804.86
MinimumVisualStudioVersion = 10.0.40219.1
Project("{FAE04EC0-301F-11D3-BF4B-00C04F79EFBC}") = "ShopApplication", "ShopApplication\ShopApplication.csproj", "{1C11DB17-E0D0-4108-81AE-822893766E13}"
EndProject
Global
	GlobalSection(SolutionConfigurationPlatforms) = preSolution
		Debug|Any CPU = Debug|Any CPU
		Release|Any CPU = Release|Any CPU
	EndGlobalSection
	GlobalSection(ProjectConfigurationPlatforms) = postSolution
		{1C11DB17-E0D0-4108-81AE-822893766E13}.Debug|Any CPU.ActiveCfg = Debug|Any CPU
		{1C11DB17-E0D0-4108-81AE-822893766E13}.Debug|Any CPU.Build.0 = Debug|Any CPU
		{1C11DB17-E0D0-4108-81AE-822893766E13}.Release|Any CPU.ActiveCfg = Release|Any CPU
		{1C11DB17-E0D0-4108-81AE-822893766E13}.Release|Any CPU.Build.0 = Release|Any CPU
	EndGlobalSection
	GlobalSection(SolutionProperties) = preSolution
		HideSolutionNode = FALSE
	EndGlobalSection
	GlobalSection(ExtensibilityGlobals) = postSolution
		SolutionGuid = {292C57A8-A916-40D6-B7FA-9D613337A563}
	EndGlobalSection
EndGlobal
